
Microsoft Visual Studio Solution File, Format Version 12.00
# Visual Studio Version 17
VisualStudioVersion = 17.11.35327.3
MinimumVisualStudioVersion = 10.0.40219.1
Project("{FAE04EC0-301F-11D3-BF4B-00C04F79EFBC}") = "ConsoleApp1", "ConsoleApp1\ConsoleApp1.csproj", "{A72D564F-58E5-41E1-B801-319A6253EDFD}"
EndProject
Global
	GlobalSection(SolutionConfigurationPlatforms) = preSolution
		Debug|Any CPU = Debug|Any CPU
		Release|Any CPU = Release|Any CPU
	EndGlobalSection
	GlobalSection(ProjectConfigurationPlatforms) = postSolution
		{A72D564F-58E5-41E1-B801-319A6253EDFD}.Debug|Any CPU.ActiveCfg = Debug|Any CPU
		{A72D564F-58E5-41E1-B801-319A6253EDFD}.Debug|Any CPU.Build.0 = Debug|Any CPU
		{A72D564F-58E5-41E1-B801-319A6253EDFD}.Release|Any CPU.ActiveCfg = Release|Any CPU
		{A72D564F-58E5-41E1-B801-319A6253EDFD}.Release|Any CPU.Build.0 = Release|Any CPU
	EndGlobalSection
	GlobalSection(SolutionProperties) = preSolution
		HideSolutionNode = FALSE
	EndGlobalSection
	GlobalSection(ExtensibilityGlobals) = postSolution
		SolutionGuid = {FBB4D403-30D7-404C-B0A6-896E988A5DC5}
	EndGlobalSection
EndGlobal
